// !$*UTF8*$!
{
	archiveVersion = 1;
	classes = {
	};
	objectVersion = 46;
	objects = {

/* Begin PBXBuildFile section */
		F3B31FBD1ED8BF17006EB606 /* AppDelegate.swift in Sources */ = {isa = PBXBuildFile; fileRef = F3B31FBC1ED8BF17006EB606 /* AppDelegate.swift */; };
		F3B31FBF1ED8BF17006EB606 /* ViewController.swift in Sources */ = {isa = PBXBuildFile; fileRef = F3B31FBE1ED8BF17006EB606 /* ViewController.swift */; };
		F3B31FC21ED8BF17006EB606 /* Main.storyboard in Resources */ = {isa = PBXBuildFile; fileRef = F3B31FC01ED8BF17006EB606 /* Main.storyboard */; };
		F3B31FC51ED8BF17006EB606 /* lab8_3.xcdatamodeld in Sources */ = {isa = PBXBuildFile; fileRef = F3B31FC31ED8BF17006EB606 /* lab8_3.xcdatamodeld */; };
		F3B31FC71ED8BF17006EB606 /* Assets.xcassets in Resources */ = {isa = PBXBuildFile; fileRef = F3B31FC61ED8BF17006EB606 /* Assets.xcassets */; };
		F3B31FCA1ED8BF17006EB606 /* LaunchScreen.storyboard in Resources */ = {isa = PBXBuildFile; fileRef = F3B31FC81ED8BF17006EB606 /* LaunchScreen.storyboard */; };
		F3B31FD51ED8BF17006EB606 /* lab8_3Tests.swift in Sources */ = {isa = PBXBuildFile; fileRef = F3B31FD41ED8BF17006EB606 /* lab8_3Tests.swift */; };
		F3B31FE01ED8BF17006EB606 /* lab8_3UITests.swift in Sources */ = {isa = PBXBuildFile; fileRef = F3B31FDF1ED8BF17006EB606 /* lab8_3UITests.swift */; };
/* End PBXBuildFile section */

/* Begin PBXContainerItemProxy section */
		F3B31FD11ED8BF17006EB606 /* PBXContainerItemProxy */ = {
			isa = PBXContainerItemProxy;
			containerPortal = F3B31FB11ED8BF16006EB606 /* Project object */;
			proxyType = 1;
			remoteGlobalIDString = F3B31FB81ED8BF17006EB606;
			remoteInfo = lab8_3;
		};
		F3B31FDC1ED8BF17006EB606 /* PBXContainerItemProxy */ = {
			isa = PBXContainerItemProxy;
			containerPortal = F3B31FB11ED8BF16006EB606 /* Project object */;
			proxyType = 1;
			remoteGlobalIDString = F3B31FB81ED8BF17006EB606;
			remoteInfo = lab8_3;
		};
/* End PBXContainerItemProxy section */

/* Begin PBXFileReference section */
		F3B31FB91ED8BF17006EB606 /* lab8_3.app */ = {isa = PBXFileReference; explicitFileType = wrapper.application; includeInIndex = 0; path = lab8_3.app; sourceTree = BUILT_PRODUCTS_DIR; };
		F3B31FBC1ED8BF17006EB606 /* AppDelegate.swift */ = {isa = PBXFileReference; lastKnownFileType = sourcecode.swift; path = AppDelegate.swift; sourceTree = "<group>"; };
		F3B31FBE1ED8BF17006EB606 /* ViewController.swift */ = {isa = PBXFileReference; lastKnownFileType = sourcecode.swift; path = ViewController.swift; sourceTree = "<group>"; };
		F3B31FC11ED8BF17006EB606 /* Base */ = {isa = PBXFileReference; lastKnownFileType = file.storyboard; name = Base; path = Base.lproj/Main.storyboard; sourceTree = "<group>"; };
		F3B31FC41ED8BF17006EB606 /* lab8_3.xcdatamodel */ = {isa = PBXFileReference; lastKnownFileType = wrapper.xcdatamodel; path = lab8_3.xcdatamodel; sourceTree = "<group>"; };
		F3B31FC61ED8BF17006EB606 /* Assets.xcassets */ = {isa = PBXFileReference; lastKnownFileType = folder.assetcatalog; path = Assets.xcassets; sourceTree = "<group>"; };
		F3B31FC91ED8BF17006EB606 /* Base */ = {isa = PBXFileReference; lastKnownFileType = file.storyboard; name = Base; path = Base.lproj/LaunchScreen.storyboard; sourceTree = "<group>"; };
		F3B31FCB1ED8BF17006EB606 /* Info.plist */ = {isa = PBXFileReference; lastKnownFileType = text.plist.xml; path = Info.plist; sourceTree = "<group>"; };
		F3B31FD01ED8BF17006EB606 /* lab8_3Tests.xctest */ = {isa = PBXFileReference; explicitFileType = wrapper.cfbundle; includeInIndex = 0; path = lab8_3Tests.xctest; sourceTree = BUILT_PRODUCTS_DIR; };
		F3B31FD41ED8BF17006EB606 /* lab8_3Tests.swift */ = {isa = PBXFileReference; lastKnownFileType = sourcecode.swift; path = lab8_3Tests.swift; sourceTree = "<group>"; };
		F3B31FD61ED8BF17006EB606 /* Info.plist */ = {isa = PBXFileReference; lastKnownFileType = text.plist.xml; path = Info.plist; sourceTree = "<group>"; };
		F3B31FDB1ED8BF17006EB606 /* lab8_3UITests.xctest */ = {isa = PBXFileReference; explicitFileType = wrapper.cfbundle; includeInIndex = 0; path = lab8_3UITests.xctest; sourceTree = BUILT_PRODUCTS_DIR; };
		F3B31FDF1ED8BF17006EB606 /* lab8_3UITests.swift */ = {isa = PBXFileReference; lastKnownFileType = sourcecode.swift; path = lab8_3UITests.swift; sourceTree = "<group>"; };
		F3B31FE11ED8BF17006EB606 /* Info.plist */ = {isa = PBXFileReference; lastKnownFileType = text.plist.xml; path = Info.plist; sourceTree = "<group>"; };
/* End PBXFileReference section */

/* Begin PBXFrameworksBuildPhase section */
		F3B31FB61ED8BF17006EB606 /* Frameworks */ = {
			isa = PBXFrameworksBuildPhase;
			buildActionMask = 2147483647;
			files = (
			);
			runOnlyForDeploymentPostprocessing = 0;
		};
		F3B31FCD1ED8BF17006EB606 /* Frameworks */ = {
			isa = PBXFrameworksBuildPhase;
			buildActionMask = 2147483647;
			files = (
			);
			runOnlyForDeploymentPostprocessing = 0;
		};
		F3B31FD81ED8BF17006EB606 /* Frameworks */ = {
			isa = PBXFrameworksBuildPhase;
			buildActionMask = 2147483647;
			files = (
			);
			runOnlyForDeploymentPostprocessing = 0;
		};
/* End PBXFrameworksBuildPhase section */

/* Begin PBXGroup section */
		F3B31FB01ED8BF16006EB606 = {
			isa = PBXGroup;
			children = (
				F3B31FBB1ED8BF17006EB606 /* lab8_3 */,
				F3B31FD31ED8BF17006EB606 /* lab8_3Tests */,
				F3B31FDE1ED8BF17006EB606 /* lab8_3UITests */,
				F3B31FBA1ED8BF17006EB606 /* Products */,
			);
			sourceTree = "<group>";
		};
		F3B31FBA1ED8BF17006EB606 /* Products */ = {
			isa = PBXGroup;
			children = (
				F3B31FB91ED8BF17006EB606 /* lab8_3.app */,
				F3B31FD01ED8BF17006EB606 /* lab8_3Tests.xctest */,
				F3B31FDB1ED8BF17006EB606 /* lab8_3UITests.xctest */,
			);
			name = Products;
			sourceTree = "<group>";
		};
		F3B31FBB1ED8BF17006EB606 /* lab8_3 */ = {
			isa = PBXGroup;
			children = (
				F3B31FBC1ED8BF17006EB606 /* AppDelegate.swift */,
				F3B31FBE1ED8BF17006EB606 /* ViewController.swift */,
				F3B31FC01ED8BF17006EB606 /* Main.storyboard */,
				F3B31FC61ED8BF17006EB606 /* Assets.xcassets */,
				F3B31FC81ED8BF17006EB606 /* LaunchScreen.storyboard */,
				F3B31FCB1ED8BF17006EB606 /* Info.plist */,
				F3B31FC31ED8BF17006EB606 /* lab8_3.xcdatamodeld */,
			);
			path = lab8_3;
			sourceTree = "<group>";
		};
		F3B31FD31ED8BF17006EB606 /* lab8_3Tests */ = {
			isa = PBXGroup;
			children = (
				F3B31FD41ED8BF17006EB606 /* lab8_3Tests.swift */,
				F3B31FD61ED8BF17006EB606 /* Info.plist */,
			);
			path = lab8_3Tests;
			sourceTree = "<group>";
		};
		F3B31FDE1ED8BF17006EB606 /* lab8_3UITests */ = {
			isa = PBXGroup;
			children = (
				F3B31FDF1ED8BF17006EB606 /* lab8_3UITests.swift */,
				F3B31FE11ED8BF17006EB606 /* Info.plist */,
			);
			path = lab8_3UITests;
			sourceTree = "<group>";
		};
/* End PBXGroup section */

/* Begin PBXNativeTarget section */
		F3B31FB81ED8BF17006EB606 /* lab8_3 */ = {
			isa = PBXNativeTarget;
			buildConfigurationList = F3B31FE41ED8BF17006EB606 /* Build configuration list for PBXNativeTarget "lab8_3" */;
			buildPhases = (
				F3B31FB51ED8BF17006EB606 /* Sources */,
				F3B31FB61ED8BF17006EB606 /* Frameworks */,
				F3B31FB71ED8BF17006EB606 /* Resources */,
			);
			buildRules = (
			);
			dependencies = (
			);
			name = lab8_3;
			productName = lab8_3;
			productReference = F3B31FB91ED8BF17006EB606 /* lab8_3.app */;
			productType = "com.apple.product-type.application";
		};
		F3B31FCF1ED8BF17006EB606 /* lab8_3Tests */ = {
			isa = PBXNativeTarget;
			buildConfigurationList = F3B31FE71ED8BF17006EB606 /* Build configuration list for PBXNativeTarget "lab8_3Tests" */;
			buildPhases = (
				F3B31FCC1ED8BF17006EB606 /* Sources */,
				F3B31FCD1ED8BF17006EB606 /* Frameworks */,
				F3B31FCE1ED8BF17006EB606 /* Resources */,
			);
			buildRules = (
			);
			dependencies = (
				F3B31FD21ED8BF17006EB606 /* PBXTargetDependency */,
			);
			name = lab8_3Tests;
			productName = lab8_3Tests;
			productReference = F3B31FD01ED8BF17006EB606 /* lab8_3Tests.xctest */;
			productType = "com.apple.product-type.bundle.unit-test";
		};
		F3B31FDA1ED8BF17006EB606 /* lab8_3UITests */ = {
			isa = PBXNativeTarget;
			buildConfigurationList = F3B31FEA1ED8BF17006EB606 /* Build configuration list for PBXNativeTarget "lab8_3UITests" */;
			buildPhases = (
				F3B31FD71ED8BF17006EB606 /* Sources */,
				F3B31FD81ED8BF17006EB606 /* Frameworks */,
				F3B31FD91ED8BF17006EB606 /* Resources */,
			);
			buildRules = (
			);
			dependencies = (
				F3B31FDD1ED8BF17006EB606 /* PBXTargetDependency */,
			);
			name = lab8_3UITests;
			productName = lab8_3UITests;
			productReference = F3B31FDB1ED8BF17006EB606 /* lab8_3UITests.xctest */;
			productType = "com.apple.product-type.bundle.ui-testing";
		};
/* End PBXNativeTarget section */

/* Begin PBXProject section */
		F3B31FB11ED8BF16006EB606 /* Project object */ = {
			isa = PBXProject;
			attributes = {
				LastSwiftUpdateCheck = 0830;
				LastUpgradeCheck = 0830;
				ORGANIZATIONNAME = Elena;
				TargetAttributes = {
					F3B31FB81ED8BF17006EB606 = {
						CreatedOnToolsVersion = 8.3.2;
						ProvisioningStyle = Automatic;
					};
					F3B31FCF1ED8BF17006EB606 = {
						CreatedOnToolsVersion = 8.3.2;
						ProvisioningStyle = Automatic;
						TestTargetID = F3B31FB81ED8BF17006EB606;
					};
					F3B31FDA1ED8BF17006EB606 = {
						CreatedOnToolsVersion = 8.3.2;
						ProvisioningStyle = Automatic;
						TestTargetID = F3B31FB81ED8BF17006EB606;
					};
				};
			};
			buildConfigurationList = F3B31FB41ED8BF16006EB606 /* Build configuration list for PBXProject "lab8_3" */;
			compatibilityVersion = "Xcode 3.2";
			developmentRegion = English;
			hasScannedForEncodings = 0;
			knownRegions = (
				en,
				Base,
			);
			mainGroup = F3B31FB01ED8BF16006EB606;
			productRefGroup = F3B31FBA1ED8BF17006EB606 /* Products */;
			projectDirPath = "";
			projectRoot = "";
			targets = (
				F3B31FB81ED8BF17006EB606 /* lab8_3 */,
				F3B31FCF1ED8BF17006EB606 /* lab8_3Tests */,
				F3B31FDA1ED8BF17006EB606 /* lab8_3UITests */,
			);
		};
/* End PBXProject section */

/* Begin PBXResourcesBuildPhase section */
		F3B31FB71ED8BF17006EB606 /* Resources */ = {
			isa = PBXResourcesBuildPhase;
			buildActionMask = 2147483647;
			files = (
				F3B31FCA1ED8BF17006EB606 /* LaunchScreen.storyboard in Resources */,
				F3B31FC71ED8BF17006EB606 /* Assets.xcassets in Resources */,
				F3B31FC21ED8BF17006EB606 /* Main.storyboard in Resources */,
			);
			runOnlyForDeploymentPostprocessing = 0;
		};
		F3B31FCE1ED8BF17006EB606 /* Resources */ = {
			isa = PBXResourcesBuildPhase;
			buildActionMask = 2147483647;
			files = (
			);
			runOnlyForDeploymentPostprocessing = 0;
		};
		F3B31FD91ED8BF17006EB606 /* Resources */ = {
			isa = PBXResourcesBuildPhase;
			buildActionMask = 2147483647;
			files = (
			);
			runOnlyForDeploymentPostprocessing = 0;
		};
/* End PBXResourcesBuildPhase section */

/* Begin PBXSourcesBuildPhase section */
		F3B31FB51ED8BF17006EB606 /* Sources */ = {
			isa = PBXSourcesBuildPhase;
			buildActionMask = 2147483647;
			files = (
				F3B31FC51ED8BF17006EB606 /* lab8_3.xcdatamodeld in Sources */,
				F3B31FBF1ED8BF17006EB606 /* ViewController.swift in Sources */,
				F3B31FBD1ED8BF17006EB606 /* AppDelegate.swift in Sources */,
			);
			runOnlyForDeploymentPostprocessing = 0;
		};
		F3B31FCC1ED8BF17006EB606 /* Sources */ = {
			isa = PBXSourcesBuildPhase;
			buildActionMask = 2147483647;
			files = (
				F3B31FD51ED8BF17006EB606 /* lab8_3Tests.swift in Sources */,
			);
			runOnlyForDeploymentPostprocessing = 0;
		};
		F3B31FD71ED8BF17006EB606 /* Sources */ = {
			isa = PBXSourcesBuildPhase;
			buildActionMask = 2147483647;
			files = (
				F3B31FE01ED8BF17006EB606 /* lab8_3UITests.swift in Sources */,
			);
			runOnlyForDeploymentPostprocessing = 0;
		};
/* End PBXSourcesBuildPhase section */

/* Begin PBXTargetDependency section */
		F3B31FD21ED8BF17006EB606 /* PBXTargetDependency */ = {
			isa = PBXTargetDependency;
			target = F3B31FB81ED8BF17006EB606 /* lab8_3 */;
			targetProxy = F3B31FD11ED8BF17006EB606 /* PBXContainerItemProxy */;
		};
		F3B31FDD1ED8BF17006EB606 /* PBXTargetDependency */ = {
			isa = PBXTargetDependency;
			target = F3B31FB81ED8BF17006EB606 /* lab8_3 */;
			targetProxy = F3B31FDC1ED8BF17006EB606 /* PBXContainerItemProxy */;
		};
/* End PBXTargetDependency section */

/* Begin PBXVariantGroup section */
		F3B31FC01ED8BF17006EB606 /* Main.storyboard */ = {
			isa = PBXVariantGroup;
			children = (
				F3B31FC11ED8BF17006EB606 /* Base */,
			);
			name = Main.storyboard;
			sourceTree = "<group>";
		};
		F3B31FC81ED8BF17006EB606 /* LaunchScreen.storyboard */ = {
			isa = PBXVariantGroup;
			children = (
				F3B31FC91ED8BF17006EB606 /* Base */,
			);
			name = LaunchScreen.storyboard;
			sourceTree = "<group>";
		};
/* End PBXVariantGroup section */

/* Begin XCBuildConfiguration section */
		F3B31FE21ED8BF17006EB606 /* Debug */ = {
			isa = XCBuildConfiguration;
			buildSettings = {
				ALWAYS_SEARCH_USER_PATHS = NO;
				CLANG_ANALYZER_NONNULL = YES;
				CLANG_ANALYZER_NUMBER_OBJECT_CONVERSION = YES_AGGRESSIVE;
				CLANG_CXX_LANGUAGE_STANDARD = "gnu++0x";
				CLANG_CXX_LIBRARY = "libc++";
				CLANG_ENABLE_MODULES = YES;
				CLANG_ENABLE_OBJC_ARC = YES;
				CLANG_WARN_BOOL_CONVERSION = YES;
				CLANG_WARN_CONSTANT_CONVERSION = YES;
				CLANG_WARN_DIRECT_OBJC_ISA_USAGE = YES_ERROR;
				CLANG_WARN_DOCUMENTATION_COMMENTS = YES;
				CLANG_WARN_EMPTY_BODY = YES;
				CLANG_WARN_ENUM_CONVERSION = YES;
				CLANG_WARN_INFINITE_RECURSION = YES;
				CLANG_WARN_INT_CONVERSION = YES;
				CLANG_WARN_OBJC_ROOT_CLASS = YES_ERROR;
				CLANG_WARN_SUSPICIOUS_MOVE = YES;
				CLANG_WARN_UNREACHABLE_CODE = YES;
				CLANG_WARN__DUPLICATE_METHOD_MATCH = YES;
				"CODE_SIGN_IDENTITY[sdk=iphoneos*]" = "iPhone Developer";
				COPY_PHASE_STRIP = NO;
				DEBUG_INFORMATION_FORMAT = dwarf;
				ENABLE_STRICT_OBJC_MSGSEND = YES;
				ENABLE_TESTABILITY = YES;
				GCC_C_LANGUAGE_STANDARD = gnu99;
				GCC_DYNAMIC_NO_PIC = NO;
				GCC_NO_COMMON_BLOCKS = YES;
				GCC_OPTIMIZATION_LEVEL = 0;
				GCC_PREPROCESSOR_DEFINITIONS = (
					"DEBUG=1",
					"$(inherited)",
				);
				GCC_WARN_64_TO_32_BIT_CONVERSION = YES;
				GCC_WARN_ABOUT_RETURN_TYPE = YES_ERROR;
				GCC_WARN_UNDECLARED_SELECTOR = YES;
				GCC_WARN_UNINITIALIZED_AUTOS = YES_AGGRESSIVE;
				GCC_WARN_UNUSED_FUNCTION = YES;
				GCC_WARN_UNUSED_VARIABLE = YES;
				IPHONEOS_DEPLOYMENT_TARGET = 10.3;
				MTL_ENABLE_DEBUG_INFO = YES;
				ONLY_ACTIVE_ARCH = YES;
				SDKROOT = iphoneos;
				SWIFT_ACTIVE_COMPILATION_CONDITIONS = DEBUG;
				SWIFT_OPTIMIZATION_LEVEL = "-Onone";
			};
			name = Debug;
		};
		F3B31FE31ED8BF17006EB606 /* Release */ = {
			isa = XCBuildConfiguration;
			buildSettings = {
				ALWAYS_SEARCH_USER_PATHS = NO;
				CLANG_ANALYZER_NONNULL = YES;
				CLANG_ANALYZER_NUMBER_OBJECT_CONVERSION = YES_AGGRESSIVE;
				CLANG_CXX_LANGUAGE_STANDARD = "gnu++0x";
				CLANG_CXX_LIBRARY = "libc++";
				CLANG_ENABLE_MODULES = YES;
				CLANG_ENABLE_OBJC_ARC = YES;
				CLANG_WARN_BOOL_CONVERSION = YES;
				CLANG_WARN_CONSTANT_CONVERSION = YES;
				CLANG_WARN_DIRECT_OBJC_ISA_USAGE = YES_ERROR;
				CLANG_WARN_DOCUMENTATION_COMMENTS = YES;
				CLANG_WARN_EMPTY_BODY = YES;
				CLANG_WARN_ENUM_CONVERSION = YES;
				CLANG_WARN_INFINITE_RECURSION = YES;
				CLANG_WARN_INT_CONVERSION = YES;
				CLANG_WARN_OBJC_ROOT_CLASS = YES_ERROR;
				CLANG_WARN_SUSPICIOUS_MOVE = YES;
				CLANG_WARN_UNREACHABLE_CODE = YES;
				CLANG_WARN__DUPLICATE_METHOD_MATCH = YES;
				"CODE_SIGN_IDENTITY[sdk=iphoneos*]" = "iPhone Developer";
				COPY_PHASE_STRIP = NO;
				DEBUG_INFORMATION_FORMAT = "dwarf-with-dsym";
				ENABLE_NS_ASSERTIONS = NO;
				ENABLE_STRICT_OBJC_MSGSEND = YES;
				GCC_C_LANGUAGE_STANDARD = gnu99;
				GCC_NO_COMMON_BLOCKS = YES;
				GCC_WARN_64_TO_32_BIT_CONVERSION = YES;
				GCC_WARN_ABOUT_RETURN_TYPE = YES_ERROR;
				GCC_WARN_UNDECLARED_SELECTOR = YES;
				GCC_WARN_UNINITIALIZED_AUTOS = YES_AGGRESSIVE;
				GCC_WARN_UNUSED_FUNCTION = YES;
				GCC_WARN_UNUSED_VARIABLE = YES;
				IPHONEOS_DEPLOYMENT_TARGET = 10.3;
				MTL_ENABLE_DEBUG_INFO = NO;
				SDKROOT = iphoneos;
				SWIFT_OPTIMIZATION_LEVEL = "-Owholemodule";
				VALIDATE_PRODUCT = YES;
			};
			name = Release;
		};
		F3B31FE51ED8BF17006EB606 /* Debug */ = {
			isa = XCBuildConfiguration;
			buildSettings = {
				ASSETCATALOG_COMPILER_APPICON_NAME = AppIcon;
				INFOPLIST_FILE = lab8_3/Info.plist;
				LD_RUNPATH_SEARCH_PATHS = "$(inherited) @executable_path/Frameworks";
				PRODUCT_BUNDLE_IDENTIFIER = "ak.lab8-3";
				PRODUCT_NAME = "$(TARGET_NAME)";
				SWIFT_VERSION = 3.0;
			};
			name = Debug;
		};
		F3B31FE61ED8BF17006EB606 /* Release */ = {
			isa = XCBuildConfiguration;
			buildSettings = {
				ASSETCATALOG_COMPILER_APPICON_NAME = AppIcon;
				INFOPLIST_FILE = lab8_3/Info.plist;
				LD_RUNPATH_SEARCH_PATHS = "$(inherited) @executable_path/Frameworks";
				PRODUCT_BUNDLE_IDENTIFIER = "ak.lab8-3";
				PRODUCT_NAME = "$(TARGET_NAME)";
				SWIFT_VERSION = 3.0;
			};
			name = Release;
		};
		F3B31FE81ED8BF17006EB606 /* Debug */ = {
			isa = XCBuildConfiguration;
			buildSettings = {
				ALWAYS_EMBED_SWIFT_STANDARD_LIBRARIES = YES;
				BUNDLE_LOADER = "$(TEST_HOST)";
				INFOPLIST_FILE = lab8_3Tests/Info.plist;
				LD_RUNPATH_SEARCH_PATHS = "$(inherited) @executable_path/Frameworks @loader_path/Frameworks";
				PRODUCT_BUNDLE_IDENTIFIER = "ak.lab8-3Tests";
				PRODUCT_NAME = "$(TARGET_NAME)";
				SWIFT_VERSION = 3.0;
				TEST_HOST = "$(BUILT_PRODUCTS_DIR)/lab8_3.app/lab8_3";
			};
			name = Debug;
		};
		F3B31FE91ED8BF17006EB606 /* Release */ = {
			isa = XCBuildConfiguration;
			buildSettings = {
				ALWAYS_EMBED_SWIFT_STANDARD_LIBRARIES = YES;
				BUNDLE_LOADER = "$(TEST_HOST)";
				INFOPLIST_FILE = lab8_3Tests/Info.plist;
				LD_RUNPATH_SEARCH_PATHS = "$(inherited) @executable_path/Frameworks @loader_path/Frameworks";
				PRODUCT_BUNDLE_IDENTIFIER = "ak.lab8-3Tests";
				PRODUCT_NAME = "$(TARGET_NAME)";
				SWIFT_VERSION = 3.0;
				TEST_HOST = "$(BUILT_PRODUCTS_DIR)/lab8_3.app/lab8_3";
			};
			name = Release;
		};
		F3B31FEB1ED8BF17006EB606 /* Debug */ = {
			isa = XCBuildConfiguration;
			buildSettings = {
				ALWAYS_EMBED_SWIFT_STANDARD_LIBRARIES = YES;
				INFOPLIST_FILE = lab8_3UITests/Info.plist;
				LD_RUNPATH_SEARCH_PATHS = "$(inherited) @executable_path/Frameworks @loader_path/Frameworks";
				PRODUCT_BUNDLE_IDENTIFIER = "ak.lab8-3UITests";
				PRODUCT_NAME = "$(TARGET_NAME)";
				SWIFT_VERSION = 3.0;
				TEST_TARGET_NAME = lab8_3;
			};
			name = Debug;
		};
		F3B31FEC1ED8BF17006EB606 /* Release */ = {
			isa = XCBuildConfiguration;
			buildSettings = {
				ALWAYS_EMBED_SWIFT_STANDARD_LIBRARIES = YES;
				INFOPLIST_FILE = lab8_3UITests/Info.plist;
				LD_RUNPATH_SEARCH_PATHS = "$(inherited) @executable_path/Frameworks @loader_path/Frameworks";
				PRODUCT_BUNDLE_IDENTIFIER = "ak.lab8-3UITests";
				PRODUCT_NAME = "$(TARGET_NAME)";
				SWIFT_VERSION = 3.0;
				TEST_TARGET_NAME = lab8_3;
			};
			name = Release;
		};
/* End XCBuildConfiguration section */

/* Begin XCConfigurationList section */
		F3B31FB41ED8BF16006EB606 /* Build configuration list for PBXProject "lab8_3" */ = {
			isa = XCConfigurationList;
			buildConfigurations = (
				F3B31FE21ED8BF17006EB606 /* Debug */,
				F3B31FE31ED8BF17006EB606 /* Release */,
			);
			defaultConfigurationIsVisible = 0;
			defaultConfigurationName = Release;
		};
		F3B31FE41ED8BF17006EB606 /* Build configuration list for PBXNativeTarget "lab8_3" */ = {
			isa = XCConfigurationList;
			buildConfigurations = (
				F3B31FE51ED8BF17006EB606 /* Debug */,
				F3B31FE61ED8BF17006EB606 /* Release */,
			);
			defaultConfigurationIsVisible = 0;
		};
		F3B31FE71ED8BF17006EB606 /* Build configuration list for PBXNativeTarget "lab8_3Tests" */ = {
			isa = XCConfigurationList;
			buildConfigurations = (
				F3B31FE81ED8BF17006EB606 /* Debug */,
				F3B31FE91ED8BF17006EB606 /* Release */,
			);
			defaultConfigurationIsVisible = 0;
		};
		F3B31FEA1ED8BF17006EB606 /* Build configuration list for PBXNativeTarget "lab8_3UITests" */ = {
			isa = XCConfigurationList;
			buildConfigurations = (
				F3B31FEB1ED8BF17006EB606 /* Debug */,
				F3B31FEC1ED8BF17006EB606 /* Release */,
			);
			defaultConfigurationIsVisible = 0;
		};
/* End XCConfigurationList section */

/* Begin XCVersionGroup section */
		F3B31FC31ED8BF17006EB606 /* lab8_3.xcdatamodeld */ = {
			isa = XCVersionGroup;
			children = (
				F3B31FC41ED8BF17006EB606 /* lab8_3.xcdatamodel */,
			);
			currentVersion = F3B31FC41ED8BF17006EB606 /* lab8_3.xcdatamodel */;
			path = lab8_3.xcdatamodeld;
			sourceTree = "<group>";
			versionGroupType = wrapper.xcdatamodel;
		};
/* End XCVersionGroup section */
	};
	rootObject = F3B31FB11ED8BF16006EB606 /* Project object */;
}
