// !$*UTF8*$!
{
	archiveVersion = 1;
	classes = {
	};
	objectVersion = 46;
	objects = {

/* Begin PBXBuildFile section */
		F3B31FFA1ED8E404006EB606 /* AppDelegate.swift in Sources */ = {isa = PBXBuildFile; fileRef = F3B31FF91ED8E404006EB606 /* AppDelegate.swift */; };
		F3B31FFC1ED8E404006EB606 /* ViewController.swift in Sources */ = {isa = PBXBuildFile; fileRef = F3B31FFB1ED8E404006EB606 /* ViewController.swift */; };
		F3B31FFF1ED8E404006EB606 /* Main.storyboard in Resources */ = {isa = PBXBuildFile; fileRef = F3B31FFD1ED8E404006EB606 /* Main.storyboard */; };
		F3B320021ED8E404006EB606 /* lab8_4.xcdatamodeld in Sources */ = {isa = PBXBuildFile; fileRef = F3B320001ED8E404006EB606 /* lab8_4.xcdatamodeld */; };
		F3B320041ED8E404006EB606 /* Assets.xcassets in Resources */ = {isa = PBXBuildFile; fileRef = F3B320031ED8E404006EB606 /* Assets.xcassets */; };
		F3B320071ED8E404006EB606 /* LaunchScreen.storyboard in Resources */ = {isa = PBXBuildFile; fileRef = F3B320051ED8E404006EB606 /* LaunchScreen.storyboard */; };
		F3B320121ED8E404006EB606 /* lab8_4Tests.swift in Sources */ = {isa = PBXBuildFile; fileRef = F3B320111ED8E404006EB606 /* lab8_4Tests.swift */; };
		F3B3201D1ED8E404006EB606 /* lab8_4UITests.swift in Sources */ = {isa = PBXBuildFile; fileRef = F3B3201C1ED8E404006EB606 /* lab8_4UITests.swift */; };
		F3B3202B1ED8E9F8006EB606 /* Library.plist in Resources */ = {isa = PBXBuildFile; fileRef = F3B3202A1ED8E9F8006EB606 /* Library.plist */; };
		F3B3202D1ED8EFED006EB606 /* CollectionCell.swift in Sources */ = {isa = PBXBuildFile; fileRef = F3B3202C1ED8EFED006EB606 /* CollectionCell.swift */; };
		F3B3202F1ED8F600006EB606 /* BookViewController.swift in Sources */ = {isa = PBXBuildFile; fileRef = F3B3202E1ED8F600006EB606 /* BookViewController.swift */; };
/* End PBXBuildFile section */

/* Begin PBXContainerItemProxy section */
		F3B3200E1ED8E404006EB606 /* PBXContainerItemProxy */ = {
			isa = PBXContainerItemProxy;
			containerPortal = F3B31FEE1ED8E404006EB606 /* Project object */;
			proxyType = 1;
			remoteGlobalIDString = F3B31FF51ED8E404006EB606;
			remoteInfo = lab8_4;
		};
		F3B320191ED8E404006EB606 /* PBXContainerItemProxy */ = {
			isa = PBXContainerItemProxy;
			containerPortal = F3B31FEE1ED8E404006EB606 /* Project object */;
			proxyType = 1;
			remoteGlobalIDString = F3B31FF51ED8E404006EB606;
			remoteInfo = lab8_4;
		};
/* End PBXContainerItemProxy section */

/* Begin PBXFileReference section */
		F3B31FF61ED8E404006EB606 /* lab8_4.app */ = {isa = PBXFileReference; explicitFileType = wrapper.application; includeInIndex = 0; path = lab8_4.app; sourceTree = BUILT_PRODUCTS_DIR; };
		F3B31FF91ED8E404006EB606 /* AppDelegate.swift */ = {isa = PBXFileReference; lastKnownFileType = sourcecode.swift; path = AppDelegate.swift; sourceTree = "<group>"; };
		F3B31FFB1ED8E404006EB606 /* ViewController.swift */ = {isa = PBXFileReference; lastKnownFileType = sourcecode.swift; path = ViewController.swift; sourceTree = "<group>"; };
		F3B31FFE1ED8E404006EB606 /* Base */ = {isa = PBXFileReference; lastKnownFileType = file.storyboard; name = Base; path = Base.lproj/Main.storyboard; sourceTree = "<group>"; };
		F3B320011ED8E404006EB606 /* lab8_4.xcdatamodel */ = {isa = PBXFileReference; lastKnownFileType = wrapper.xcdatamodel; path = lab8_4.xcdatamodel; sourceTree = "<group>"; };
		F3B320031ED8E404006EB606 /* Assets.xcassets */ = {isa = PBXFileReference; lastKnownFileType = folder.assetcatalog; path = Assets.xcassets; sourceTree = "<group>"; };
		F3B320061ED8E404006EB606 /* Base */ = {isa = PBXFileReference; lastKnownFileType = file.storyboard; name = Base; path = Base.lproj/LaunchScreen.storyboard; sourceTree = "<group>"; };
		F3B320081ED8E404006EB606 /* Info.plist */ = {isa = PBXFileReference; lastKnownFileType = text.plist.xml; path = Info.plist; sourceTree = "<group>"; };
		F3B3200D1ED8E404006EB606 /* lab8_4Tests.xctest */ = {isa = PBXFileReference; explicitFileType = wrapper.cfbundle; includeInIndex = 0; path = lab8_4Tests.xctest; sourceTree = BUILT_PRODUCTS_DIR; };
		F3B320111ED8E404006EB606 /* lab8_4Tests.swift */ = {isa = PBXFileReference; lastKnownFileType = sourcecode.swift; path = lab8_4Tests.swift; sourceTree = "<group>"; };
		F3B320131ED8E404006EB606 /* Info.plist */ = {isa = PBXFileReference; lastKnownFileType = text.plist.xml; path = Info.plist; sourceTree = "<group>"; };
		F3B320181ED8E404006EB606 /* lab8_4UITests.xctest */ = {isa = PBXFileReference; explicitFileType = wrapper.cfbundle; includeInIndex = 0; path = lab8_4UITests.xctest; sourceTree = BUILT_PRODUCTS_DIR; };
		F3B3201C1ED8E404006EB606 /* lab8_4UITests.swift */ = {isa = PBXFileReference; lastKnownFileType = sourcecode.swift; path = lab8_4UITests.swift; sourceTree = "<group>"; };
		F3B3201E1ED8E404006EB606 /* Info.plist */ = {isa = PBXFileReference; lastKnownFileType = text.plist.xml; path = Info.plist; sourceTree = "<group>"; };
		F3B3202A1ED8E9F8006EB606 /* Library.plist */ = {isa = PBXFileReference; fileEncoding = 4; lastKnownFileType = text.plist.xml; path = Library.plist; sourceTree = "<group>"; };
		F3B3202C1ED8EFED006EB606 /* CollectionCell.swift */ = {isa = PBXFileReference; fileEncoding = 4; lastKnownFileType = sourcecode.swift; path = CollectionCell.swift; sourceTree = "<group>"; };
		F3B3202E1ED8F600006EB606 /* BookViewController.swift */ = {isa = PBXFileReference; fileEncoding = 4; lastKnownFileType = sourcecode.swift; path = BookViewController.swift; sourceTree = "<group>"; };
/* End PBXFileReference section */

/* Begin PBXFrameworksBuildPhase section */
		F3B31FF31ED8E404006EB606 /* Frameworks */ = {
			isa = PBXFrameworksBuildPhase;
			buildActionMask = 2147483647;
			files = (
			);
			runOnlyForDeploymentPostprocessing = 0;
		};
		F3B3200A1ED8E404006EB606 /* Frameworks */ = {
			isa = PBXFrameworksBuildPhase;
			buildActionMask = 2147483647;
			files = (
			);
			runOnlyForDeploymentPostprocessing = 0;
		};
		F3B320151ED8E404006EB606 /* Frameworks */ = {
			isa = PBXFrameworksBuildPhase;
			buildActionMask = 2147483647;
			files = (
			);
			runOnlyForDeploymentPostprocessing = 0;
		};
/* End PBXFrameworksBuildPhase section */

/* Begin PBXGroup section */
		F3B31FED1ED8E404006EB606 = {
			isa = PBXGroup;
			children = (
				F3B31FF81ED8E404006EB606 /* lab8_4 */,
				F3B320101ED8E404006EB606 /* lab8_4Tests */,
				F3B3201B1ED8E404006EB606 /* lab8_4UITests */,
				F3B31FF71ED8E404006EB606 /* Products */,
			);
			sourceTree = "<group>";
		};
		F3B31FF71ED8E404006EB606 /* Products */ = {
			isa = PBXGroup;
			children = (
				F3B31FF61ED8E404006EB606 /* lab8_4.app */,
				F3B3200D1ED8E404006EB606 /* lab8_4Tests.xctest */,
				F3B320181ED8E404006EB606 /* lab8_4UITests.xctest */,
			);
			name = Products;
			sourceTree = "<group>";
		};
		F3B31FF81ED8E404006EB606 /* lab8_4 */ = {
			isa = PBXGroup;
			children = (
				F3B31FF91ED8E404006EB606 /* AppDelegate.swift */,
				F3B31FFB1ED8E404006EB606 /* ViewController.swift */,
				F3B31FFD1ED8E404006EB606 /* Main.storyboard */,
				F3B320031ED8E404006EB606 /* Assets.xcassets */,
				F3B320051ED8E404006EB606 /* LaunchScreen.storyboard */,
				F3B320081ED8E404006EB606 /* Info.plist */,
				F3B320001ED8E404006EB606 /* lab8_4.xcdatamodeld */,
				F3B3202A1ED8E9F8006EB606 /* Library.plist */,
				F3B3202C1ED8EFED006EB606 /* CollectionCell.swift */,
				F3B3202E1ED8F600006EB606 /* BookViewController.swift */,
			);
			path = lab8_4;
			sourceTree = "<group>";
		};
		F3B320101ED8E404006EB606 /* lab8_4Tests */ = {
			isa = PBXGroup;
			children = (
				F3B320111ED8E404006EB606 /* lab8_4Tests.swift */,
				F3B320131ED8E404006EB606 /* Info.plist */,
			);
			path = lab8_4Tests;
			sourceTree = "<group>";
		};
		F3B3201B1ED8E404006EB606 /* lab8_4UITests */ = {
			isa = PBXGroup;
			children = (
				F3B3201C1ED8E404006EB606 /* lab8_4UITests.swift */,
				F3B3201E1ED8E404006EB606 /* Info.plist */,
			);
			path = lab8_4UITests;
			sourceTree = "<group>";
		};
/* End PBXGroup section */

/* Begin PBXNativeTarget section */
		F3B31FF51ED8E404006EB606 /* lab8_4 */ = {
			isa = PBXNativeTarget;
			buildConfigurationList = F3B320211ED8E404006EB606 /* Build configuration list for PBXNativeTarget "lab8_4" */;
			buildPhases = (
				F3B31FF21ED8E404006EB606 /* Sources */,
				F3B31FF31ED8E404006EB606 /* Frameworks */,
				F3B31FF41ED8E404006EB606 /* Resources */,
			);
			buildRules = (
			);
			dependencies = (
			);
			name = lab8_4;
			productName = lab8_4;
			productReference = F3B31FF61ED8E404006EB606 /* lab8_4.app */;
			productType = "com.apple.product-type.application";
		};
		F3B3200C1ED8E404006EB606 /* lab8_4Tests */ = {
			isa = PBXNativeTarget;
			buildConfigurationList = F3B320241ED8E404006EB606 /* Build configuration list for PBXNativeTarget "lab8_4Tests" */;
			buildPhases = (
				F3B320091ED8E404006EB606 /* Sources */,
				F3B3200A1ED8E404006EB606 /* Frameworks */,
				F3B3200B1ED8E404006EB606 /* Resources */,
			);
			buildRules = (
			);
			dependencies = (
				F3B3200F1ED8E404006EB606 /* PBXTargetDependency */,
			);
			name = lab8_4Tests;
			productName = lab8_4Tests;
			productReference = F3B3200D1ED8E404006EB606 /* lab8_4Tests.xctest */;
			productType = "com.apple.product-type.bundle.unit-test";
		};
		F3B320171ED8E404006EB606 /* lab8_4UITests */ = {
			isa = PBXNativeTarget;
			buildConfigurationList = F3B320271ED8E404006EB606 /* Build configuration list for PBXNativeTarget "lab8_4UITests" */;
			buildPhases = (
				F3B320141ED8E404006EB606 /* Sources */,
				F3B320151ED8E404006EB606 /* Frameworks */,
				F3B320161ED8E404006EB606 /* Resources */,
			);
			buildRules = (
			);
			dependencies = (
				F3B3201A1ED8E404006EB606 /* PBXTargetDependency */,
			);
			name = lab8_4UITests;
			productName = lab8_4UITests;
			productReference = F3B320181ED8E404006EB606 /* lab8_4UITests.xctest */;
			productType = "com.apple.product-type.bundle.ui-testing";
		};
/* End PBXNativeTarget section */

/* Begin PBXProject section */
		F3B31FEE1ED8E404006EB606 /* Project object */ = {
			isa = PBXProject;
			attributes = {
				LastSwiftUpdateCheck = 0830;
				LastUpgradeCheck = 0830;
				ORGANIZATIONNAME = Elena;
				TargetAttributes = {
					F3B31FF51ED8E404006EB606 = {
						CreatedOnToolsVersion = 8.3.2;
						ProvisioningStyle = Automatic;
					};
					F3B3200C1ED8E404006EB606 = {
						CreatedOnToolsVersion = 8.3.2;
						ProvisioningStyle = Automatic;
						TestTargetID = F3B31FF51ED8E404006EB606;
					};
					F3B320171ED8E404006EB606 = {
						CreatedOnToolsVersion = 8.3.2;
						ProvisioningStyle = Automatic;
						TestTargetID = F3B31FF51ED8E404006EB606;
					};
				};
			};
			buildConfigurationList = F3B31FF11ED8E404006EB606 /* Build configuration list for PBXProject "lab8_4" */;
			compatibilityVersion = "Xcode 3.2";
			developmentRegion = English;
			hasScannedForEncodings = 0;
			knownRegions = (
				en,
				Base,
			);
			mainGroup = F3B31FED1ED8E404006EB606;
			productRefGroup = F3B31FF71ED8E404006EB606 /* Products */;
			projectDirPath = "";
			projectRoot = "";
			targets = (
				F3B31FF51ED8E404006EB606 /* lab8_4 */,
				F3B3200C1ED8E404006EB606 /* lab8_4Tests */,
				F3B320171ED8E404006EB606 /* lab8_4UITests */,
			);
		};
/* End PBXProject section */

/* Begin PBXResourcesBuildPhase section */
		F3B31FF41ED8E404006EB606 /* Resources */ = {
			isa = PBXResourcesBuildPhase;
			buildActionMask = 2147483647;
			files = (
				F3B3202B1ED8E9F8006EB606 /* Library.plist in Resources */,
				F3B320071ED8E404006EB606 /* LaunchScreen.storyboard in Resources */,
				F3B320041ED8E404006EB606 /* Assets.xcassets in Resources */,
				F3B31FFF1ED8E404006EB606 /* Main.storyboard in Resources */,
			);
			runOnlyForDeploymentPostprocessing = 0;
		};
		F3B3200B1ED8E404006EB606 /* Resources */ = {
			isa = PBXResourcesBuildPhase;
			buildActionMask = 2147483647;
			files = (
			);
			runOnlyForDeploymentPostprocessing = 0;
		};
		F3B320161ED8E404006EB606 /* Resources */ = {
			isa = PBXResourcesBuildPhase;
			buildActionMask = 2147483647;
			files = (
			);
			runOnlyForDeploymentPostprocessing = 0;
		};
/* End PBXResourcesBuildPhase section */

/* Begin PBXSourcesBuildPhase section */
		F3B31FF21ED8E404006EB606 /* Sources */ = {
			isa = PBXSourcesBuildPhase;
			buildActionMask = 2147483647;
			files = (
				F3B31FFC1ED8E404006EB606 /* ViewController.swift in Sources */,
				F3B31FFA1ED8E404006EB606 /* AppDelegate.swift in Sources */,
				F3B3202F1ED8F600006EB606 /* BookViewController.swift in Sources */,
				F3B3202D1ED8EFED006EB606 /* CollectionCell.swift in Sources */,
				F3B320021ED8E404006EB606 /* lab8_4.xcdatamodeld in Sources */,
			);
			runOnlyForDeploymentPostprocessing = 0;
		};
		F3B320091ED8E404006EB606 /* Sources */ = {
			isa = PBXSourcesBuildPhase;
			buildActionMask = 2147483647;
			files = (
				F3B320121ED8E404006EB606 /* lab8_4Tests.swift in Sources */,
			);
			runOnlyForDeploymentPostprocessing = 0;
		};
		F3B320141ED8E404006EB606 /* Sources */ = {
			isa = PBXSourcesBuildPhase;
			buildActionMask = 2147483647;
			files = (
				F3B3201D1ED8E404006EB606 /* lab8_4UITests.swift in Sources */,
			);
			runOnlyForDeploymentPostprocessing = 0;
		};
/* End PBXSourcesBuildPhase section */

/* Begin PBXTargetDependency section */
		F3B3200F1ED8E404006EB606 /* PBXTargetDependency */ = {
			isa = PBXTargetDependency;
			target = F3B31FF51ED8E404006EB606 /* lab8_4 */;
			targetProxy = F3B3200E1ED8E404006EB606 /* PBXContainerItemProxy */;
		};
		F3B3201A1ED8E404006EB606 /* PBXTargetDependency */ = {
			isa = PBXTargetDependency;
			target = F3B31FF51ED8E404006EB606 /* lab8_4 */;
			targetProxy = F3B320191ED8E404006EB606 /* PBXContainerItemProxy */;
		};
/* End PBXTargetDependency section */

/* Begin PBXVariantGroup section */
		F3B31FFD1ED8E404006EB606 /* Main.storyboard */ = {
			isa = PBXVariantGroup;
			children = (
				F3B31FFE1ED8E404006EB606 /* Base */,
			);
			name = Main.storyboard;
			sourceTree = "<group>";
		};
		F3B320051ED8E404006EB606 /* LaunchScreen.storyboard */ = {
			isa = PBXVariantGroup;
			children = (
				F3B320061ED8E404006EB606 /* Base */,
			);
			name = LaunchScreen.storyboard;
			sourceTree = "<group>";
		};
/* End PBXVariantGroup section */

/* Begin XCBuildConfiguration section */
		F3B3201F1ED8E404006EB606 /* Debug */ = {
			isa = XCBuildConfiguration;
			buildSettings = {
				ALWAYS_SEARCH_USER_PATHS = NO;
				CLANG_ANALYZER_NONNULL = YES;
				CLANG_ANALYZER_NUMBER_OBJECT_CONVERSION = YES_AGGRESSIVE;
				CLANG_CXX_LANGUAGE_STANDARD = "gnu++0x";
				CLANG_CXX_LIBRARY = "libc++";
				CLANG_ENABLE_MODULES = YES;
				CLANG_ENABLE_OBJC_ARC = YES;
				CLANG_WARN_BOOL_CONVERSION = YES;
				CLANG_WARN_CONSTANT_CONVERSION = YES;
				CLANG_WARN_DIRECT_OBJC_ISA_USAGE = YES_ERROR;
				CLANG_WARN_DOCUMENTATION_COMMENTS = YES;
				CLANG_WARN_EMPTY_BODY = YES;
				CLANG_WARN_ENUM_CONVERSION = YES;
				CLANG_WARN_INFINITE_RECURSION = YES;
				CLANG_WARN_INT_CONVERSION = YES;
				CLANG_WARN_OBJC_ROOT_CLASS = YES_ERROR;
				CLANG_WARN_SUSPICIOUS_MOVE = YES;
				CLANG_WARN_UNREACHABLE_CODE = YES;
				CLANG_WARN__DUPLICATE_METHOD_MATCH = YES;
				"CODE_SIGN_IDENTITY[sdk=iphoneos*]" = "iPhone Developer";
				COPY_PHASE_STRIP = NO;
				DEBUG_INFORMATION_FORMAT = dwarf;
				ENABLE_STRICT_OBJC_MSGSEND = YES;
				ENABLE_TESTABILITY = YES;
				GCC_C_LANGUAGE_STANDARD = gnu99;
				GCC_DYNAMIC_NO_PIC = NO;
				GCC_NO_COMMON_BLOCKS = YES;
				GCC_OPTIMIZATION_LEVEL = 0;
				GCC_PREPROCESSOR_DEFINITIONS = (
					"DEBUG=1",
					"$(inherited)",
				);
				GCC_WARN_64_TO_32_BIT_CONVERSION = YES;
				GCC_WARN_ABOUT_RETURN_TYPE = YES_ERROR;
				GCC_WARN_UNDECLARED_SELECTOR = YES;
				GCC_WARN_UNINITIALIZED_AUTOS = YES_AGGRESSIVE;
				GCC_WARN_UNUSED_FUNCTION = YES;
				GCC_WARN_UNUSED_VARIABLE = YES;
				IPHONEOS_DEPLOYMENT_TARGET = 10.3;
				MTL_ENABLE_DEBUG_INFO = YES;
				ONLY_ACTIVE_ARCH = YES;
				SDKROOT = iphoneos;
				SWIFT_ACTIVE_COMPILATION_CONDITIONS = DEBUG;
				SWIFT_OPTIMIZATION_LEVEL = "-Onone";
			};
			name = Debug;
		};
		F3B320201ED8E404006EB606 /* Release */ = {
			isa = XCBuildConfiguration;
			buildSettings = {
				ALWAYS_SEARCH_USER_PATHS = NO;
				CLANG_ANALYZER_NONNULL = YES;
				CLANG_ANALYZER_NUMBER_OBJECT_CONVERSION = YES_AGGRESSIVE;
				CLANG_CXX_LANGUAGE_STANDARD = "gnu++0x";
				CLANG_CXX_LIBRARY = "libc++";
				CLANG_ENABLE_MODULES = YES;
				CLANG_ENABLE_OBJC_ARC = YES;
				CLANG_WARN_BOOL_CONVERSION = YES;
				CLANG_WARN_CONSTANT_CONVERSION = YES;
				CLANG_WARN_DIRECT_OBJC_ISA_USAGE = YES_ERROR;
				CLANG_WARN_DOCUMENTATION_COMMENTS = YES;
				CLANG_WARN_EMPTY_BODY = YES;
				CLANG_WARN_ENUM_CONVERSION = YES;
				CLANG_WARN_INFINITE_RECURSION = YES;
				CLANG_WARN_INT_CONVERSION = YES;
				CLANG_WARN_OBJC_ROOT_CLASS = YES_ERROR;
				CLANG_WARN_SUSPICIOUS_MOVE = YES;
				CLANG_WARN_UNREACHABLE_CODE = YES;
				CLANG_WARN__DUPLICATE_METHOD_MATCH = YES;
				"CODE_SIGN_IDENTITY[sdk=iphoneos*]" = "iPhone Developer";
				COPY_PHASE_STRIP = NO;
				DEBUG_INFORMATION_FORMAT = "dwarf-with-dsym";
				ENABLE_NS_ASSERTIONS = NO;
				ENABLE_STRICT_OBJC_MSGSEND = YES;
				GCC_C_LANGUAGE_STANDARD = gnu99;
				GCC_NO_COMMON_BLOCKS = YES;
				GCC_WARN_64_TO_32_BIT_CONVERSION = YES;
				GCC_WARN_ABOUT_RETURN_TYPE = YES_ERROR;
				GCC_WARN_UNDECLARED_SELECTOR = YES;
				GCC_WARN_UNINITIALIZED_AUTOS = YES_AGGRESSIVE;
				GCC_WARN_UNUSED_FUNCTION = YES;
				GCC_WARN_UNUSED_VARIABLE = YES;
				IPHONEOS_DEPLOYMENT_TARGET = 10.3;
				MTL_ENABLE_DEBUG_INFO = NO;
				SDKROOT = iphoneos;
				SWIFT_OPTIMIZATION_LEVEL = "-Owholemodule";
				VALIDATE_PRODUCT = YES;
			};
			name = Release;
		};
		F3B320221ED8E404006EB606 /* Debug */ = {
			isa = XCBuildConfiguration;
			buildSettings = {
				ASSETCATALOG_COMPILER_APPICON_NAME = AppIcon;
				INFOPLIST_FILE = lab8_4/Info.plist;
				LD_RUNPATH_SEARCH_PATHS = "$(inherited) @executable_path/Frameworks";
				PRODUCT_BUNDLE_IDENTIFIER = "ak.lab8-4";
				PRODUCT_NAME = "$(TARGET_NAME)";
				SWIFT_VERSION = 3.0;
			};
			name = Debug;
		};
		F3B320231ED8E404006EB606 /* Release */ = {
			isa = XCBuildConfiguration;
			buildSettings = {
				ASSETCATALOG_COMPILER_APPICON_NAME = AppIcon;
				INFOPLIST_FILE = lab8_4/Info.plist;
				LD_RUNPATH_SEARCH_PATHS = "$(inherited) @executable_path/Frameworks";
				PRODUCT_BUNDLE_IDENTIFIER = "ak.lab8-4";
				PRODUCT_NAME = "$(TARGET_NAME)";
				SWIFT_VERSION = 3.0;
			};
			name = Release;
		};
		F3B320251ED8E404006EB606 /* Debug */ = {
			isa = XCBuildConfiguration;
			buildSettings = {
				ALWAYS_EMBED_SWIFT_STANDARD_LIBRARIES = YES;
				BUNDLE_LOADER = "$(TEST_HOST)";
				INFOPLIST_FILE = lab8_4Tests/Info.plist;
				LD_RUNPATH_SEARCH_PATHS = "$(inherited) @executable_path/Frameworks @loader_path/Frameworks";
				PRODUCT_BUNDLE_IDENTIFIER = "ak.lab8-4Tests";
				PRODUCT_NAME = "$(TARGET_NAME)";
				SWIFT_VERSION = 3.0;
				TEST_HOST = "$(BUILT_PRODUCTS_DIR)/lab8_4.app/lab8_4";
			};
			name = Debug;
		};
		F3B320261ED8E404006EB606 /* Release */ = {
			isa = XCBuildConfiguration;
			buildSettings = {
				ALWAYS_EMBED_SWIFT_STANDARD_LIBRARIES = YES;
				BUNDLE_LOADER = "$(TEST_HOST)";
				INFOPLIST_FILE = lab8_4Tests/Info.plist;
				LD_RUNPATH_SEARCH_PATHS = "$(inherited) @executable_path/Frameworks @loader_path/Frameworks";
				PRODUCT_BUNDLE_IDENTIFIER = "ak.lab8-4Tests";
				PRODUCT_NAME = "$(TARGET_NAME)";
				SWIFT_VERSION = 3.0;
				TEST_HOST = "$(BUILT_PRODUCTS_DIR)/lab8_4.app/lab8_4";
			};
			name = Release;
		};
		F3B320281ED8E404006EB606 /* Debug */ = {
			isa = XCBuildConfiguration;
			buildSettings = {
				ALWAYS_EMBED_SWIFT_STANDARD_LIBRARIES = YES;
				INFOPLIST_FILE = lab8_4UITests/Info.plist;
				LD_RUNPATH_SEARCH_PATHS = "$(inherited) @executable_path/Frameworks @loader_path/Frameworks";
				PRODUCT_BUNDLE_IDENTIFIER = "ak.lab8-4UITests";
				PRODUCT_NAME = "$(TARGET_NAME)";
				SWIFT_VERSION = 3.0;
				TEST_TARGET_NAME = lab8_4;
			};
			name = Debug;
		};
		F3B320291ED8E404006EB606 /* Release */ = {
			isa = XCBuildConfiguration;
			buildSettings = {
				ALWAYS_EMBED_SWIFT_STANDARD_LIBRARIES = YES;
				INFOPLIST_FILE = lab8_4UITests/Info.plist;
				LD_RUNPATH_SEARCH_PATHS = "$(inherited) @executable_path/Frameworks @loader_path/Frameworks";
				PRODUCT_BUNDLE_IDENTIFIER = "ak.lab8-4UITests";
				PRODUCT_NAME = "$(TARGET_NAME)";
				SWIFT_VERSION = 3.0;
				TEST_TARGET_NAME = lab8_4;
			};
			name = Release;
		};
/* End XCBuildConfiguration section */

/* Begin XCConfigurationList section */
		F3B31FF11ED8E404006EB606 /* Build configuration list for PBXProject "lab8_4" */ = {
			isa = XCConfigurationList;
			buildConfigurations = (
				F3B3201F1ED8E404006EB606 /* Debug */,
				F3B320201ED8E404006EB606 /* Release */,
			);
			defaultConfigurationIsVisible = 0;
			defaultConfigurationName = Release;
		};
		F3B320211ED8E404006EB606 /* Build configuration list for PBXNativeTarget "lab8_4" */ = {
			isa = XCConfigurationList;
			buildConfigurations = (
				F3B320221ED8E404006EB606 /* Debug */,
				F3B320231ED8E404006EB606 /* Release */,
			);
			defaultConfigurationIsVisible = 0;
			defaultConfigurationName = Release;
		};
		F3B320241ED8E404006EB606 /* Build configuration list for PBXNativeTarget "lab8_4Tests" */ = {
			isa = XCConfigurationList;
			buildConfigurations = (
				F3B320251ED8E404006EB606 /* Debug */,
				F3B320261ED8E404006EB606 /* Release */,
			);
			defaultConfigurationIsVisible = 0;
			defaultConfigurationName = Release;
		};
		F3B320271ED8E404006EB606 /* Build configuration list for PBXNativeTarget "lab8_4UITests" */ = {
			isa = XCConfigurationList;
			buildConfigurations = (
				F3B320281ED8E404006EB606 /* Debug */,
				F3B320291ED8E404006EB606 /* Release */,
			);
			defaultConfigurationIsVisible = 0;
			defaultConfigurationName = Release;
		};
/* End XCConfigurationList section */

/* Begin XCVersionGroup section */
		F3B320001ED8E404006EB606 /* lab8_4.xcdatamodeld */ = {
			isa = XCVersionGroup;
			children = (
				F3B320011ED8E404006EB606 /* lab8_4.xcdatamodel */,
			);
			currentVersion = F3B320011ED8E404006EB606 /* lab8_4.xcdatamodel */;
			path = lab8_4.xcdatamodeld;
			sourceTree = "<group>";
			versionGroupType = wrapper.xcdatamodel;
		};
/* End XCVersionGroup section */
	};
	rootObject = F3B31FEE1ED8E404006EB606 /* Project object */;
}
